
Microsoft Visual Studio Solution File, Format Version 12.00
# Visual Studio Version 16
VisualStudioVersion = 16.0.30804.86
MinimumVisualStudioVersion = 10.0.40219.1
Project("{FAE04EC0-301F-11D3-BF4B-00C04F79EFBC}") = "CyberCAT.Wpf", "CyberCAT.Wpf\CyberCAT.Wpf.csproj", "{FDDB74BF-5110-41F1-A3B8-C1E0285FB648}"
EndProject
Global
	GlobalSection(SolutionConfigurationPlatforms) = preSolution
		Debug|Any CPU = Debug|Any CPU
		Release|Any CPU = Release|Any CPU
	EndGlobalSection
	GlobalSection(ProjectConfigurationPlatforms) = postSolution
		{FDDB74BF-5110-41F1-A3B8-C1E0285FB648}.Debug|Any CPU.ActiveCfg = Debug|Any CPU
		{FDDB74BF-5110-41F1-A3B8-C1E0285FB648}.Debug|Any CPU.Build.0 = Debug|Any CPU
		{FDDB74BF-5110-41F1-A3B8-C1E0285FB648}.Release|Any CPU.ActiveCfg = Release|Any CPU
		{FDDB74BF-5110-41F1-A3B8-C1E0285FB648}.Release|Any CPU.Build.0 = Release|Any CPU
	EndGlobalSection
	GlobalSection(SolutionProperties) = preSolution
		HideSolutionNode = FALSE
	EndGlobalSection
	GlobalSection(ExtensibilityGlobals) = postSolution
		SolutionGuid = {54A258F1-598A-4CC9-9152-D2BAE69D2BC8}
	EndGlobalSection
EndGlobal
